
Microsoft Visual Studio Solution File, Format Version 12.00
# Visual Studio 15
VisualStudioVersion = 15.0.28307.168
MinimumVisualStudioVersion = 10.0.40219.1
Project("{9A19103F-16F7-4668-BE54-9A1E7A4F7556}") = "WebApplication1", "WebApplication1\WebApplication1.csproj", "{BFE8E7A9-6E7A-471B-A4B1-E8F2148A819F}"
EndProject
Project("{FAE04EC0-301F-11D3-BF4B-00C04F79EFBC}") = "DataLib", "DataLib\DataLib.csproj", "{F8E95C1C-95EE-4F11-9B4F-849545FFCB90}"
EndProject
Global
	GlobalSection(SolutionConfigurationPlatforms) = preSolution
		Debug|Any CPU = Debug|Any CPU
		Release|Any CPU = Release|Any CPU
	EndGlobalSection
	GlobalSection(ProjectConfigurationPlatforms) = postSolution
		{BFE8E7A9-6E7A-471B-A4B1-E8F2148A819F}.Debug|Any CPU.ActiveCfg = Debug|Any CPU
		{BFE8E7A9-6E7A-471B-A4B1-E8F2148A819F}.Debug|Any CPU.Build.0 = Debug|Any CPU
		{BFE8E7A9-6E7A-471B-A4B1-E8F2148A819F}.Release|Any CPU.ActiveCfg = Release|Any CPU
		{BFE8E7A9-6E7A-471B-A4B1-E8F2148A819F}.Release|Any CPU.Build.0 = Release|Any CPU
		{F8E95C1C-95EE-4F11-9B4F-849545FFCB90}.Debug|Any CPU.ActiveCfg = Debug|Any CPU
		{F8E95C1C-95EE-4F11-9B4F-849545FFCB90}.Debug|Any CPU.Build.0 = Debug|Any CPU
		{F8E95C1C-95EE-4F11-9B4F-849545FFCB90}.Release|Any CPU.ActiveCfg = Release|Any CPU
		{F8E95C1C-95EE-4F11-9B4F-849545FFCB90}.Release|Any CPU.Build.0 = Release|Any CPU
	EndGlobalSection
	GlobalSection(SolutionProperties) = preSolution
		HideSolutionNode = FALSE
	EndGlobalSection
	GlobalSection(ExtensibilityGlobals) = postSolution
		SolutionGuid = {54608501-5BCC-4987-94E8-568E4CE49B00}
	EndGlobalSection
EndGlobal
